
Microsoft Visual Studio Solution File, Format Version 12.00
# Visual Studio 15
VisualStudioVersion = 15.0.27703.2035
MinimumVisualStudioVersion = 10.0.40219.1
Project("{FAE04EC0-301F-11D3-BF4B-00C04F79EFBC}") = "DotNetVmtHook", "DotNetVmtHook\DotNetVmtHook.csproj", "{BE099883-6BE0-4E85-A608-46414319513B}"
EndProject
Global
	GlobalSection(SolutionConfigurationPlatforms) = preSolution
		Debug|Any CPU = Debug|Any CPU
		Release|Any CPU = Release|Any CPU
	EndGlobalSection
	GlobalSection(ProjectConfigurationPlatforms) = postSolution
		{BE099883-6BE0-4E85-A608-46414319513B}.Debug|Any CPU.ActiveCfg = Debug|Any CPU
		{BE099883-6BE0-4E85-A608-46414319513B}.Debug|Any CPU.Build.0 = Debug|Any CPU
		{BE099883-6BE0-4E85-A608-46414319513B}.Release|Any CPU.ActiveCfg = Release|Any CPU
		{BE099883-6BE0-4E85-A608-46414319513B}.Release|Any CPU.Build.0 = Release|Any CPU
	EndGlobalSection
	GlobalSection(SolutionProperties) = preSolution
		HideSolutionNode = FALSE
	EndGlobalSection
	GlobalSection(ExtensibilityGlobals) = postSolution
		SolutionGuid = {826530D2-51B4-4197-AEDC-5384E25E56FA}
	EndGlobalSection
EndGlobal
